
Microsoft Visual Studio Solution File, Format Version 12.00
# Visual Studio 2013
VisualStudioVersion = 12.0.30723.0
MinimumVisualStudioVersion = 10.0.40219.1
Project("{FAE04EC0-301F-11D3-BF4B-00C04F79EFBC}") = "PracticalTest", "PracticalTest.csproj", "{AF898FC8-9180-41B7-9CF7-A139B285E9B1}"
EndProject
Global
	GlobalSection(SolutionConfigurationPlatforms) = preSolution
		Debug|Any CPU = Debug|Any CPU
		Release|Any CPU = Release|Any CPU
	EndGlobalSection
	GlobalSection(ProjectConfigurationPlatforms) = postSolution
		{AF898FC8-9180-41B7-9CF7-A139B285E9B1}.Debug|Any CPU.ActiveCfg = Debug|Any CPU
		{AF898FC8-9180-41B7-9CF7-A139B285E9B1}.Debug|Any CPU.Build.0 = Debug|Any CPU
		{AF898FC8-9180-41B7-9CF7-A139B285E9B1}.Release|Any CPU.ActiveCfg = Release|Any CPU
		{AF898FC8-9180-41B7-9CF7-A139B285E9B1}.Release|Any CPU.Build.0 = Release|Any CPU
	EndGlobalSection
	GlobalSection(SolutionProperties) = preSolution
		HideSolutionNode = FALSE
	EndGlobalSection
EndGlobal
